
Microsoft Visual Studio Solution File, Format Version 12.00
# Visual Studio Version 16
VisualStudioVersion = 16.0.30503.244
MinimumVisualStudioVersion = 10.0.40219.1
Project("{FAE04EC0-301F-11D3-BF4B-00C04F79EFBC}") = "homework2", "homework2\homework2.csproj", "{927450BB-4AD0-4878-9D82-905C6579DAA8}"
EndProject
Project("{FAE04EC0-301F-11D3-BF4B-00C04F79EFBC}") = "homework2.1", "homework2.1\homework2.1.csproj", "{DCF759E4-58A6-4A0F-8D2F-2147D0731D27}"
EndProject
Project("{FAE04EC0-301F-11D3-BF4B-00C04F79EFBC}") = "homework2.2", "homework2.2\homework2.2.csproj", "{4854F636-386E-42AA-AC39-4C92F9A7F980}"
EndProject
Project("{FAE04EC0-301F-11D3-BF4B-00C04F79EFBC}") = "homework2.3", "homework2.3\homework2.3.csproj", "{5EBEF14E-5A44-4866-89E8-765B26C860F5}"
EndProject
Project("{FAE04EC0-301F-11D3-BF4B-00C04F79EFBC}") = "homework2.4", "homework2.4\homework2.4.csproj", "{A5EEF1F9-D7DB-49E8-9382-8281586A0199}"
EndProject
Global
	GlobalSection(SolutionConfigurationPlatforms) = preSolution
		Debug|Any CPU = Debug|Any CPU
		Release|Any CPU = Release|Any CPU
	EndGlobalSection
	GlobalSection(ProjectConfigurationPlatforms) = postSolution
		{927450BB-4AD0-4878-9D82-905C6579DAA8}.Debug|Any CPU.ActiveCfg = Debug|Any CPU
		{927450BB-4AD0-4878-9D82-905C6579DAA8}.Debug|Any CPU.Build.0 = Debug|Any CPU
		{927450BB-4AD0-4878-9D82-905C6579DAA8}.Release|Any CPU.ActiveCfg = Release|Any CPU
		{927450BB-4AD0-4878-9D82-905C6579DAA8}.Release|Any CPU.Build.0 = Release|Any CPU
		{DCF759E4-58A6-4A0F-8D2F-2147D0731D27}.Debug|Any CPU.ActiveCfg = Debug|Any CPU
		{DCF759E4-58A6-4A0F-8D2F-2147D0731D27}.Debug|Any CPU.Build.0 = Debug|Any CPU
		{DCF759E4-58A6-4A0F-8D2F-2147D0731D27}.Release|Any CPU.ActiveCfg = Release|Any CPU
		{DCF759E4-58A6-4A0F-8D2F-2147D0731D27}.Release|Any CPU.Build.0 = Release|Any CPU
		{4854F636-386E-42AA-AC39-4C92F9A7F980}.Debug|Any CPU.ActiveCfg = Debug|Any CPU
		{4854F636-386E-42AA-AC39-4C92F9A7F980}.Debug|Any CPU.Build.0 = Debug|Any CPU
		{4854F636-386E-42AA-AC39-4C92F9A7F980}.Release|Any CPU.ActiveCfg = Release|Any CPU
		{4854F636-386E-42AA-AC39-4C92F9A7F980}.Release|Any CPU.Build.0 = Release|Any CPU
		{5EBEF14E-5A44-4866-89E8-765B26C860F5}.Debug|Any CPU.ActiveCfg = Debug|Any CPU
		{5EBEF14E-5A44-4866-89E8-765B26C860F5}.Debug|Any CPU.Build.0 = Debug|Any CPU
		{5EBEF14E-5A44-4866-89E8-765B26C860F5}.Release|Any CPU.ActiveCfg = Release|Any CPU
		{5EBEF14E-5A44-4866-89E8-765B26C860F5}.Release|Any CPU.Build.0 = Release|Any CPU
		{A5EEF1F9-D7DB-49E8-9382-8281586A0199}.Debug|Any CPU.ActiveCfg = Debug|Any CPU
		{A5EEF1F9-D7DB-49E8-9382-8281586A0199}.Debug|Any CPU.Build.0 = Debug|Any CPU
		{A5EEF1F9-D7DB-49E8-9382-8281586A0199}.Release|Any CPU.ActiveCfg = Release|Any CPU
		{A5EEF1F9-D7DB-49E8-9382-8281586A0199}.Release|Any CPU.Build.0 = Release|Any CPU
	EndGlobalSection
	GlobalSection(SolutionProperties) = preSolution
		HideSolutionNode = FALSE
	EndGlobalSection
	GlobalSection(ExtensibilityGlobals) = postSolution
		SolutionGuid = {FCFE1718-44DA-413F-A439-57F483CDA7E4}
	EndGlobalSection
EndGlobal
